{
  "name": "a3-spotify-browser-ilovez",
  "lockfileVersion": 3,
  "requires": true,
  "packages": {
    "": {
      "dependencies": {
        "chroma.ts": "^1.0.10"
      }
    },
    "node_modules/chroma.ts": {
      "version": "1.0.10",
      "resolved": "https://registry.npmjs.org/chroma.ts/-/chroma.ts-1.0.10.tgz",
      "integrity": "sha512-0FOQiB6LaiOwoyaxP+a4d3sCIOSf7YvBKj3TfeQM4ZBb2yskRxe4FlT2P4YNpHz7kIB5rXsfmpyniyrYRRyVHw=="
    }
  }
}
